
Microsoft Visual Studio Solution File, Format Version 12.00
# Visual Studio Version 16
VisualStudioVersion = 16.0.31025.194
MinimumVisualStudioVersion = 10.0.40219.1
Project("{FAE04EC0-301F-11D3-BF4B-00C04F79EFBC}") = "GestionNotesEtudiants", "GestionNotesEtudiants\GestionNotesEtudiants.csproj", "{5A6D92A5-8093-47F3-B855-6FA2E0F16F5B}"
EndProject
Project("{FAE04EC0-301F-11D3-BF4B-00C04F79EFBC}") = "ClassLibrary", "ClassLibrary\ClassLibrary.csproj", "{4BA899DE-F8F3-41EF-BBFD-3B1CEADC6BDC}"
EndProject
Global
	GlobalSection(SolutionConfigurationPlatforms) = preSolution
		Debug|Any CPU = Debug|Any CPU
		Release|Any CPU = Release|Any CPU
	EndGlobalSection
	GlobalSection(ProjectConfigurationPlatforms) = postSolution
		{5A6D92A5-8093-47F3-B855-6FA2E0F16F5B}.Debug|Any CPU.ActiveCfg = Debug|Any CPU
		{5A6D92A5-8093-47F3-B855-6FA2E0F16F5B}.Debug|Any CPU.Build.0 = Debug|Any CPU
		{5A6D92A5-8093-47F3-B855-6FA2E0F16F5B}.Release|Any CPU.ActiveCfg = Release|Any CPU
		{5A6D92A5-8093-47F3-B855-6FA2E0F16F5B}.Release|Any CPU.Build.0 = Release|Any CPU
		{4BA899DE-F8F3-41EF-BBFD-3B1CEADC6BDC}.Debug|Any CPU.ActiveCfg = Debug|Any CPU
		{4BA899DE-F8F3-41EF-BBFD-3B1CEADC6BDC}.Debug|Any CPU.Build.0 = Debug|Any CPU
		{4BA899DE-F8F3-41EF-BBFD-3B1CEADC6BDC}.Release|Any CPU.ActiveCfg = Release|Any CPU
		{4BA899DE-F8F3-41EF-BBFD-3B1CEADC6BDC}.Release|Any CPU.Build.0 = Release|Any CPU
	EndGlobalSection
	GlobalSection(SolutionProperties) = preSolution
		HideSolutionNode = FALSE
	EndGlobalSection
	GlobalSection(ExtensibilityGlobals) = postSolution
		SolutionGuid = {9A938AC3-A6D7-4749-8042-088C2977AD22}
	EndGlobalSection
EndGlobal
